// !$*UTF8*$!
{
	archiveVersion = 1;
	classes = {
	};
	objectVersion = 46;
	objects = {

/* Begin PBXBuildFile section */
		783534981ADD1195001E82AC /* FirstViewController.m in Sources */ = {isa = PBXBuildFile; fileRef = 783534911ADD1195001E82AC /* FirstViewController.m */; };
		783534991ADD1195001E82AC /* FouthViewController.m in Sources */ = {isa = PBXBuildFile; fileRef = 783534931ADD1195001E82AC /* FouthViewController.m */; };
		7835349A1ADD1195001E82AC /* SecondViewController.m in Sources */ = {isa = PBXBuildFile; fileRef = 783534951ADD1195001E82AC /* SecondViewController.m */; };
		7835349B1ADD1195001E82AC /* ThirdViewController.m in Sources */ = {isa = PBXBuildFile; fileRef = 783534971ADD1195001E82AC /* ThirdViewController.m */; };
		7835349F1ADD1215001E82AC /* ViewController.m in Sources */ = {isa = PBXBuildFile; fileRef = 7835349D1ADD1215001E82AC /* ViewController.m */; };
		783534A31ADD127C001E82AC /* WDTableViewController.m in Sources */ = {isa = PBXBuildFile; fileRef = 783534A21ADD127C001E82AC /* WDTableViewController.m */; };
		783534A61ADD12D8001E82AC /* WDTableViewCell.m in Sources */ = {isa = PBXBuildFile; fileRef = 783534A51ADD12D8001E82AC /* WDTableViewCell.m */; };
		783534AD1ADD1E6A001E82AC /* ReCyleViewController.m in Sources */ = {isa = PBXBuildFile; fileRef = 783534AC1ADD1E6A001E82AC /* ReCyleViewController.m */; };
		783B3ED91ACBDDF5006BA9A8 /* UIFont+Extension.m in Sources */ = {isa = PBXBuildFile; fileRef = 783B3ED81ACBDDF5006BA9A8 /* UIFont+Extension.m */; };
		783B3EDC1ACBE1EE006BA9A8 /* UIView+Helper.m in Sources */ = {isa = PBXBuildFile; fileRef = 783B3EDB1ACBE1EE006BA9A8 /* UIView+Helper.m */; };
		7866807D1ACA4CAC0082348B /* main.m in Sources */ = {isa = PBXBuildFile; fileRef = 7866807C1ACA4CAC0082348B /* main.m */; };
		786680801ACA4CAC0082348B /* AppDelegate.m in Sources */ = {isa = PBXBuildFile; fileRef = 7866807F1ACA4CAC0082348B /* AppDelegate.m */; };
		786680881ACA4CAC0082348B /* Images.xcassets in Resources */ = {isa = PBXBuildFile; fileRef = 786680871ACA4CAC0082348B /* Images.xcassets */; };
		786A7B151ACCDB1100FDCFA7 /* UIButton+Extension.m in Sources */ = {isa = PBXBuildFile; fileRef = 786A7B141ACCDB1100FDCFA7 /* UIButton+Extension.m */; };
		786A7B1B1ACCDF0C00FDCFA7 /* UITabBarController+Rotate.m in Sources */ = {isa = PBXBuildFile; fileRef = 786A7B1A1ACCDF0C00FDCFA7 /* UITabBarController+Rotate.m */; };
		786A7B1E1ACCDF9B00FDCFA7 /* UINavigationController+Rotate.m in Sources */ = {isa = PBXBuildFile; fileRef = 786A7B1D1ACCDF9B00FDCFA7 /* UINavigationController+Rotate.m */; };
		786A7B211ACCE24F00FDCFA7 /* VerticallyAlignedLabel.m in Sources */ = {isa = PBXBuildFile; fileRef = 786A7B201ACCE24F00FDCFA7 /* VerticallyAlignedLabel.m */; };
		786A7B241ACCE7AD00FDCFA7 /* EWShareSheet.m in Sources */ = {isa = PBXBuildFile; fileRef = 786A7B231ACCE7AD00FDCFA7 /* EWShareSheet.m */; };
		786B8A541ADDFB6F0025211B /* TestOneVC.m in Sources */ = {isa = PBXBuildFile; fileRef = 786B8A531ADDFB6F0025211B /* TestOneVC.m */; };
		786B8A571ADDFB800025211B /* TestTwoVC.m in Sources */ = {isa = PBXBuildFile; fileRef = 786B8A561ADDFB800025211B /* TestTwoVC.m */; };
		786B8A5A1ADDFC9A0025211B /* UIViewController+Rotate.m in Sources */ = {isa = PBXBuildFile; fileRef = 786B8A591ADDFC9A0025211B /* UIViewController+Rotate.m */; };
		786F9E0A1AEF8D6F0043252A /* cycleImage.png in Resources */ = {isa = PBXBuildFile; fileRef = 786F9E091AEF8D6F0043252A /* cycleImage.png */; };
		786F9E0D1AEF94A40043252A /* EWFocusView.m in Sources */ = {isa = PBXBuildFile; fileRef = 786F9E0C1AEF94A40043252A /* EWFocusView.m */; };
		787588941ACE2E3C0083D6F0 /* EWTextField.m in Sources */ = {isa = PBXBuildFile; fileRef = 787588931ACE2E3C0083D6F0 /* EWTextField.m */; };
		788034131ACBC2FF0033CE24 /* MJConst.m in Sources */ = {isa = PBXBuildFile; fileRef = 788034051ACBC2FF0033CE24 /* MJConst.m */; };
		788034141ACBC2FF0033CE24 /* MJFoundation.m in Sources */ = {isa = PBXBuildFile; fileRef = 788034081ACBC2FF0033CE24 /* MJFoundation.m */; };
		788034151ACBC2FF0033CE24 /* MJIvar.m in Sources */ = {isa = PBXBuildFile; fileRef = 7880340A1ACBC2FF0033CE24 /* MJIvar.m */; };
		788034161ACBC2FF0033CE24 /* MJType.m in Sources */ = {isa = PBXBuildFile; fileRef = 7880340C1ACBC2FF0033CE24 /* MJType.m */; };
		788034171ACBC2FF0033CE24 /* NSObject+MJCoding.m in Sources */ = {isa = PBXBuildFile; fileRef = 7880340E1ACBC2FF0033CE24 /* NSObject+MJCoding.m */; };
		788034181ACBC2FF0033CE24 /* NSObject+MJIvar.m in Sources */ = {isa = PBXBuildFile; fileRef = 788034101ACBC2FF0033CE24 /* NSObject+MJIvar.m */; };
		788034191ACBC2FF0033CE24 /* NSObject+MJKeyValue.m in Sources */ = {isa = PBXBuildFile; fileRef = 788034121ACBC2FF0033CE24 /* NSObject+MJKeyValue.m */; };
		788034231ACBC4580033CE24 /* TPKeyboardAvoidingCollectionView.m in Sources */ = {isa = PBXBuildFile; fileRef = 7880341C1ACBC4580033CE24 /* TPKeyboardAvoidingCollectionView.m */; };
		788034241ACBC4580033CE24 /* TPKeyboardAvoidingScrollView.m in Sources */ = {isa = PBXBuildFile; fileRef = 7880341E1ACBC4580033CE24 /* TPKeyboardAvoidingScrollView.m */; };
		788034251ACBC4580033CE24 /* TPKeyboardAvoidingTableView.m in Sources */ = {isa = PBXBuildFile; fileRef = 788034201ACBC4580033CE24 /* TPKeyboardAvoidingTableView.m */; };
		788034261ACBC4580033CE24 /* UIScrollView+TPKeyboardAvoidingAdditions.m in Sources */ = {isa = PBXBuildFile; fileRef = 788034221ACBC4580033CE24 /* UIScrollView+TPKeyboardAvoidingAdditions.m */; };
		788034351ACBC4FC0033CE24 /* backButton_h.png in Resources */ = {isa = PBXBuildFile; fileRef = 788034281ACBC4FC0033CE24 /* backButton_h.png */; };
		788034361ACBC4FC0033CE24 /* backButton_n.png in Resources */ = {isa = PBXBuildFile; fileRef = 788034291ACBC4FC0033CE24 /* backButton_n.png */; };
		788034371ACBC4FC0033CE24 /* edt_alarm_selected.png in Resources */ = {isa = PBXBuildFile; fileRef = 7880342A1ACBC4FC0033CE24 /* edt_alarm_selected.png */; };
		788034381ACBC4FC0033CE24 /* LYAlbumItem.m in Sources */ = {isa = PBXBuildFile; fileRef = 7880342C1ACBC4FC0033CE24 /* LYAlbumItem.m */; };
		788034391ACBC4FC0033CE24 /* LYImagePickerViewController.m in Sources */ = {isa = PBXBuildFile; fileRef = 7880342E1ACBC4FC0033CE24 /* LYImagePickerViewController.m */; };
		7880343A1ACBC4FC0033CE24 /* LYPhotoCell.m in Sources */ = {isa = PBXBuildFile; fileRef = 788034301ACBC4FC0033CE24 /* LYPhotoCell.m */; };
		7880343B1ACBC4FC0033CE24 /* LYPhotoItem.m in Sources */ = {isa = PBXBuildFile; fileRef = 788034321ACBC4FC0033CE24 /* LYPhotoItem.m */; };
		7880343C1ACBC4FC0033CE24 /* LYPhotosViewController.m in Sources */ = {isa = PBXBuildFile; fileRef = 788034341ACBC4FC0033CE24 /* LYPhotosViewController.m */; };
		788034431ACBC6010033CE24 /* CSGrowingTextView.m in Sources */ = {isa = PBXBuildFile; fileRef = 788034411ACBC6010033CE24 /* CSGrowingTextView.m */; };
		7880344F1ACBC6C30033CE24 /* TQRichTextBaseRun.m in Sources */ = {isa = PBXBuildFile; fileRef = 788034461ACBC6C30033CE24 /* TQRichTextBaseRun.m */; };
		788034501ACBC6C30033CE24 /* TQRichTextEmojiRun.m in Sources */ = {isa = PBXBuildFile; fileRef = 788034481ACBC6C30033CE24 /* TQRichTextEmojiRun.m */; };
		788034511ACBC6C30033CE24 /* TQRichTextImageRun.m in Sources */ = {isa = PBXBuildFile; fileRef = 7880344A1ACBC6C30033CE24 /* TQRichTextImageRun.m */; };
		788034521ACBC6C30033CE24 /* TQRichTextURLRun.m in Sources */ = {isa = PBXBuildFile; fileRef = 7880344C1ACBC6C30033CE24 /* TQRichTextURLRun.m */; };
		788034531ACBC6C30033CE24 /* TQRichTextView.m in Sources */ = {isa = PBXBuildFile; fileRef = 7880344E1ACBC6C30033CE24 /* TQRichTextView.m */; };
		7880345D1ACBC8550033CE24 /* NSJSONSerialization+Extension.m in Sources */ = {isa = PBXBuildFile; fileRef = 7880345C1ACBC8550033CE24 /* NSJSONSerialization+Extension.m */; };
		788034601ACBCD920033CE24 /* NSString+Extension.m in Sources */ = {isa = PBXBuildFile; fileRef = 7880345F1ACBCD920033CE24 /* NSString+Extension.m */; };
		788034621ACBCE870033CE24 /* Emotion.plist in Resources */ = {isa = PBXBuildFile; fileRef = 788034611ACBCE870033CE24 /* Emotion.plist */; };
		788618B91ADCB54F00092B5B /* BaseNavigationController.m in Sources */ = {isa = PBXBuildFile; fileRef = 788618B81ADCB54F00092B5B /* BaseNavigationController.m */; };
		946809CA99D2343A7B2FA08D /* libPods.a in Frameworks */ = {isa = PBXBuildFile; fileRef = AF5847EBAD8CEA579F9F8073 /* libPods.a */; };
/* End PBXBuildFile section */

/* Begin PBXFileReference section */
		783534901ADD1195001E82AC /* FirstViewController.h */ = {isa = PBXFileReference; fileEncoding = 4; lastKnownFileType = sourcecode.c.h; path = FirstViewController.h; sourceTree = "<group>"; };
		783534911ADD1195001E82AC /* FirstViewController.m */ = {isa = PBXFileReference; fileEncoding = 4; lastKnownFileType = sourcecode.c.objc; path = FirstViewController.m; sourceTree = "<group>"; };
		783534921ADD1195001E82AC /* FouthViewController.h */ = {isa = PBXFileReference; fileEncoding = 4; lastKnownFileType = sourcecode.c.h; path = FouthViewController.h; sourceTree = "<group>"; };
		783534931ADD1195001E82AC /* FouthViewController.m */ = {isa = PBXFileReference; fileEncoding = 4; lastKnownFileType = sourcecode.c.objc; path = FouthViewController.m; sourceTree = "<group>"; };
		783534941ADD1195001E82AC /* SecondViewController.h */ = {isa = PBXFileReference; fileEncoding = 4; lastKnownFileType = sourcecode.c.h; path = SecondViewController.h; sourceTree = "<group>"; };
		783534951ADD1195001E82AC /* SecondViewController.m */ = {isa = PBXFileReference; fileEncoding = 4; lastKnownFileType = sourcecode.c.objc; path = SecondViewController.m; sourceTree = "<group>"; };
		783534961ADD1195001E82AC /* ThirdViewController.h */ = {isa = PBXFileReference; fileEncoding = 4; lastKnownFileType = sourcecode.c.h; path = ThirdViewController.h; sourceTree = "<group>"; };
		783534971ADD1195001E82AC /* ThirdViewController.m */ = {isa = PBXFileReference; fileEncoding = 4; lastKnownFileType = sourcecode.c.objc; path = ThirdViewController.m; sourceTree = "<group>"; };
		7835349C1ADD1215001E82AC /* ViewController.h */ = {isa = PBXFileReference; fileEncoding = 4; lastKnownFileType = sourcecode.c.h; path = ViewController.h; sourceTree = "<group>"; };
		7835349D1ADD1215001E82AC /* ViewController.m */ = {isa = PBXFileReference; fileEncoding = 4; lastKnownFileType = sourcecode.c.objc; path = ViewController.m; sourceTree = "<group>"; };
		783534A11ADD127C001E82AC /* WDTableViewController.h */ = {isa = PBXFileReference; fileEncoding = 4; lastKnownFileType = sourcecode.c.h; path = WDTableViewController.h; sourceTree = "<group>"; };
		783534A21ADD127C001E82AC /* WDTableViewController.m */ = {isa = PBXFileReference; fileEncoding = 4; lastKnownFileType = sourcecode.c.objc; path = WDTableViewController.m; sourceTree = "<group>"; };
		783534A41ADD12D8001E82AC /* WDTableViewCell.h */ = {isa = PBXFileReference; fileEncoding = 4; lastKnownFileType = sourcecode.c.h; path = WDTableViewCell.h; sourceTree = "<group>"; };
		783534A51ADD12D8001E82AC /* WDTableViewCell.m */ = {isa = PBXFileReference; fileEncoding = 4; lastKnownFileType = sourcecode.c.objc; path = WDTableViewCell.m; sourceTree = "<group>"; };
		783534AB1ADD1E6A001E82AC /* ReCyleViewController.h */ = {isa = PBXFileReference; fileEncoding = 4; lastKnownFileType = sourcecode.c.h; path = ReCyleViewController.h; sourceTree = "<group>"; };
		783534AC1ADD1E6A001E82AC /* ReCyleViewController.m */ = {isa = PBXFileReference; fileEncoding = 4; lastKnownFileType = sourcecode.c.objc; path = ReCyleViewController.m; sourceTree = "<group>"; };
		783B3ED71ACBDDF5006BA9A8 /* UIFont+Extension.h */ = {isa = PBXFileReference; fileEncoding = 4; lastKnownFileType = sourcecode.c.h; path = "UIFont+Extension.h"; sourceTree = "<group>"; };
		783B3ED81ACBDDF5006BA9A8 /* UIFont+Extension.m */ = {isa = PBXFileReference; fileEncoding = 4; lastKnownFileType = sourcecode.c.objc; path = "UIFont+Extension.m"; sourceTree = "<group>"; };
		783B3EDA1ACBE1EE006BA9A8 /* UIView+Helper.h */ = {isa = PBXFileReference; fileEncoding = 4; lastKnownFileType = sourcecode.c.h; path = "UIView+Helper.h"; sourceTree = "<group>"; };
		783B3EDB1ACBE1EE006BA9A8 /* UIView+Helper.m */ = {isa = PBXFileReference; fileEncoding = 4; lastKnownFileType = sourcecode.c.objc; path = "UIView+Helper.m"; sourceTree = "<group>"; };
		786680771ACA4CAC0082348B /* BaseFramework.app */ = {isa = PBXFileReference; explicitFileType = wrapper.application; includeInIndex = 0; path = BaseFramework.app; sourceTree = BUILT_PRODUCTS_DIR; };
		7866807B1ACA4CAC0082348B /* Info.plist */ = {isa = PBXFileReference; lastKnownFileType = text.plist.xml; path = Info.plist; sourceTree = "<group>"; };
		7866807C1ACA4CAC0082348B /* main.m */ = {isa = PBXFileReference; lastKnownFileType = sourcecode.c.objc; path = main.m; sourceTree = "<group>"; };
		7866807E1ACA4CAC0082348B /* AppDelegate.h */ = {isa = PBXFileReference; lastKnownFileType = sourcecode.c.h; path = AppDelegate.h; sourceTree = "<group>"; };
		7866807F1ACA4CAC0082348B /* AppDelegate.m */ = {isa = PBXFileReference; lastKnownFileType = sourcecode.c.objc; path = AppDelegate.m; sourceTree = "<group>"; };
		786680871ACA4CAC0082348B /* Images.xcassets */ = {isa = PBXFileReference; lastKnownFileType = folder.assetcatalog; path = Images.xcassets; sourceTree = "<group>"; };
		786680951ACA4CAC0082348B /* Info.plist */ = {isa = PBXFileReference; lastKnownFileType = text.plist.xml; path = Info.plist; sourceTree = "<group>"; };
		786680961ACA4CAC0082348B /* BaseFrameworkTests.m */ = {isa = PBXFileReference; lastKnownFileType = sourcecode.c.objc; path = BaseFrameworkTests.m; sourceTree = "<group>"; };
		786680A31ACA4FB20082348B /* BaseFramework.pch */ = {isa = PBXFileReference; lastKnownFileType = sourcecode.c.h; path = BaseFramework.pch; sourceTree = "<group>"; };
		786680A51ACA52510082348B /* AVFoundation.framework */ = {isa = PBXFileReference; lastKnownFileType = wrapper.framework; name = AVFoundation.framework; path = System/Library/Frameworks/AVFoundation.framework; sourceTree = SDKROOT; };
		786680B71ACAA3B90082348B /* BaseFrameworkTests copy-Info.plist */ = {isa = PBXFileReference; lastKnownFileType = text.plist.xml; name = "BaseFrameworkTests copy-Info.plist"; path = "/Users/etiantian/Desktop/BaseFramework/BaseFrameworkTests copy-Info.plist"; sourceTree = "<absolute>"; };
		786A7B131ACCDB1100FDCFA7 /* UIButton+Extension.h */ = {isa = PBXFileReference; fileEncoding = 4; lastKnownFileType = sourcecode.c.h; path = "UIButton+Extension.h"; sourceTree = "<group>"; };
		786A7B141ACCDB1100FDCFA7 /* UIButton+Extension.m */ = {isa = PBXFileReference; fileEncoding = 4; lastKnownFileType = sourcecode.c.objc; path = "UIButton+Extension.m"; sourceTree = "<group>"; };
		786A7B191ACCDF0C00FDCFA7 /* UITabBarController+Rotate.h */ = {isa = PBXFileReference; fileEncoding = 4; lastKnownFileType = sourcecode.c.h; path = "UITabBarController+Rotate.h"; sourceTree = "<group>"; };
		786A7B1A1ACCDF0C00FDCFA7 /* UITabBarController+Rotate.m */ = {isa = PBXFileReference; fileEncoding = 4; lastKnownFileType = sourcecode.c.objc; path = "UITabBarController+Rotate.m"; sourceTree = "<group>"; };
		786A7B1C1ACCDF9B00FDCFA7 /* UINavigationController+Rotate.h */ = {isa = PBXFileReference; fileEncoding = 4; lastKnownFileType = sourcecode.c.h; path = "UINavigationController+Rotate.h"; sourceTree = "<group>"; };
		786A7B1D1ACCDF9B00FDCFA7 /* UINavigationController+Rotate.m */ = {isa = PBXFileReference; fileEncoding = 4; lastKnownFileType = sourcecode.c.objc; path = "UINavigationController+Rotate.m"; sourceTree = "<group>"; };
		786A7B1F1ACCE24F00FDCFA7 /* VerticallyAlignedLabel.h */ = {isa = PBXFileReference; fileEncoding = 4; lastKnownFileType = sourcecode.c.h; path = VerticallyAlignedLabel.h; sourceTree = "<group>"; };
		786A7B201ACCE24F00FDCFA7 /* VerticallyAlignedLabel.m */ = {isa = PBXFileReference; fileEncoding = 4; lastKnownFileType = sourcecode.c.objc; path = VerticallyAlignedLabel.m; sourceTree = "<group>"; };
		786A7B221ACCE7AD00FDCFA7 /* EWShareSheet.h */ = {isa = PBXFileReference; fileEncoding = 4; lastKnownFileType = sourcecode.c.h; path = EWShareSheet.h; sourceTree = "<group>"; };
		786A7B231ACCE7AD00FDCFA7 /* EWShareSheet.m */ = {isa = PBXFileReference; fileEncoding = 4; lastKnownFileType = sourcecode.c.objc; path = EWShareSheet.m; sourceTree = "<group>"; };
		786B8A521ADDFB6F0025211B /* TestOneVC.h */ = {isa = PBXFileReference; fileEncoding = 4; lastKnownFileType = sourcecode.c.h; path = TestOneVC.h; sourceTree = "<group>"; };
		786B8A531ADDFB6F0025211B /* TestOneVC.m */ = {isa = PBXFileReference; fileEncoding = 4; lastKnownFileType = sourcecode.c.objc; path = TestOneVC.m; sourceTree = "<group>"; };
		786B8A551ADDFB800025211B /* TestTwoVC.h */ = {isa = PBXFileReference; fileEncoding = 4; lastKnownFileType = sourcecode.c.h; path = TestTwoVC.h; sourceTree = "<group>"; };
		786B8A561ADDFB800025211B /* TestTwoVC.m */ = {isa = PBXFileReference; fileEncoding = 4; lastKnownFileType = sourcecode.c.objc; path = TestTwoVC.m; sourceTree = "<group>"; };
		786B8A581ADDFC9A0025211B /* UIViewController+Rotate.h */ = {isa = PBXFileReference; fileEncoding = 4; lastKnownFileType = sourcecode.c.h; path = "UIViewController+Rotate.h"; sourceTree = "<group>"; };
		786B8A591ADDFC9A0025211B /* UIViewController+Rotate.m */ = {isa = PBXFileReference; fileEncoding = 4; lastKnownFileType = sourcecode.c.objc; path = "UIViewController+Rotate.m"; sourceTree = "<group>"; };
		786F9E091AEF8D6F0043252A /* cycleImage.png */ = {isa = PBXFileReference; lastKnownFileType = image.png; path = cycleImage.png; sourceTree = "<group>"; };
		786F9E0B1AEF94A40043252A /* EWFocusView.h */ = {isa = PBXFileReference; fileEncoding = 4; lastKnownFileType = sourcecode.c.h; path = EWFocusView.h; sourceTree = "<group>"; };
		786F9E0C1AEF94A40043252A /* EWFocusView.m */ = {isa = PBXFileReference; fileEncoding = 4; lastKnownFileType = sourcecode.c.objc; path = EWFocusView.m; sourceTree = "<group>"; };
		787588921ACE2E3C0083D6F0 /* EWTextField.h */ = {isa = PBXFileReference; fileEncoding = 4; lastKnownFileType = sourcecode.c.h; path = EWTextField.h; sourceTree = "<group>"; };
		787588931ACE2E3C0083D6F0 /* EWTextField.m */ = {isa = PBXFileReference; fileEncoding = 4; lastKnownFileType = sourcecode.c.objc; path = EWTextField.m; sourceTree = "<group>"; };
		787588A21ACE644E0083D6F0 /* EWCommon.h */ = {isa = PBXFileReference; fileEncoding = 4; lastKnownFileType = sourcecode.c.h; path = EWCommon.h; sourceTree = "<group>"; };
		788034041ACBC2FF0033CE24 /* MJConst.h */ = {isa = PBXFileReference; fileEncoding = 4; lastKnownFileType = sourcecode.c.h; path = MJConst.h; sourceTree = "<group>"; };
		788034051ACBC2FF0033CE24 /* MJConst.m */ = {isa = PBXFileReference; fileEncoding = 4; lastKnownFileType = sourcecode.c.objc; path = MJConst.m; sourceTree = "<group>"; };
		788034061ACBC2FF0033CE24 /* MJExtension.h */ = {isa = PBXFileReference; fileEncoding = 4; lastKnownFileType = sourcecode.c.h; path = MJExtension.h; sourceTree = "<group>"; };
		788034071ACBC2FF0033CE24 /* MJFoundation.h */ = {isa = PBXFileReference; fileEncoding = 4; lastKnownFileType = sourcecode.c.h; path = MJFoundation.h; sourceTree = "<group>"; };
		788034081ACBC2FF0033CE24 /* MJFoundation.m */ = {isa = PBXFileReference; fileEncoding = 4; lastKnownFileType = sourcecode.c.objc; path = MJFoundation.m; sourceTree = "<group>"; };
		788034091ACBC2FF0033CE24 /* MJIvar.h */ = {isa = PBXFileReference; fileEncoding = 4; lastKnownFileType = sourcecode.c.h; path = MJIvar.h; sourceTree = "<group>"; };
		7880340A1ACBC2FF0033CE24 /* MJIvar.m */ = {isa = PBXFileReference; fileEncoding = 4; lastKnownFileType = sourcecode.c.objc; path = MJIvar.m; sourceTree = "<group>"; };
		7880340B1ACBC2FF0033CE24 /* MJType.h */ = {isa = PBXFileReference; fileEncoding = 4; lastKnownFileType = sourcecode.c.h; path = MJType.h; sourceTree = "<group>"; };
		7880340C1ACBC2FF0033CE24 /* MJType.m */ = {isa = PBXFileReference; fileEncoding = 4; lastKnownFileType = sourcecode.c.objc; path = MJType.m; sourceTree = "<group>"; };
		7880340D1ACBC2FF0033CE24 /* NSObject+MJCoding.h */ = {isa = PBXFileReference; fileEncoding = 4; lastKnownFileType = sourcecode.c.h; path = "NSObject+MJCoding.h"; sourceTree = "<group>"; };
		7880340E1ACBC2FF0033CE24 /* NSObject+MJCoding.m */ = {isa = PBXFileReference; fileEncoding = 4; lastKnownFileType = sourcecode.c.objc; path = "NSObject+MJCoding.m"; sourceTree = "<group>"; };
		7880340F1ACBC2FF0033CE24 /* NSObject+MJIvar.h */ = {isa = PBXFileReference; fileEncoding = 4; lastKnownFileType = sourcecode.c.h; path = "NSObject+MJIvar.h"; sourceTree = "<group>"; };
		788034101ACBC2FF0033CE24 /* NSObject+MJIvar.m */ = {isa = PBXFileReference; fileEncoding = 4; lastKnownFileType = sourcecode.c.objc; path = "NSObject+MJIvar.m"; sourceTree = "<group>"; };
		788034111ACBC2FF0033CE24 /* NSObject+MJKeyValue.h */ = {isa = PBXFileReference; fileEncoding = 4; lastKnownFileType = sourcecode.c.h; path = "NSObject+MJKeyValue.h"; sourceTree = "<group>"; };
		788034121ACBC2FF0033CE24 /* NSObject+MJKeyValue.m */ = {isa = PBXFileReference; fileEncoding = 4; lastKnownFileType = sourcecode.c.objc; path = "NSObject+MJKeyValue.m"; sourceTree = "<group>"; };
		7880341B1ACBC4580033CE24 /* TPKeyboardAvoidingCollectionView.h */ = {isa = PBXFileReference; fileEncoding = 4; lastKnownFileType = sourcecode.c.h; path = TPKeyboardAvoidingCollectionView.h; sourceTree = "<group>"; };
		7880341C1ACBC4580033CE24 /* TPKeyboardAvoidingCollectionView.m */ = {isa = PBXFileReference; fileEncoding = 4; lastKnownFileType = sourcecode.c.objc; path = TPKeyboardAvoidingCollectionView.m; sourceTree = "<group>"; };
		7880341D1ACBC4580033CE24 /* TPKeyboardAvoidingScrollView.h */ = {isa = PBXFileReference; fileEncoding = 4; lastKnownFileType = sourcecode.c.h; path = TPKeyboardAvoidingScrollView.h; sourceTree = "<group>"; };
		7880341E1ACBC4580033CE24 /* TPKeyboardAvoidingScrollView.m */ = {isa = PBXFileReference; fileEncoding = 4; lastKnownFileType = sourcecode.c.objc; path = TPKeyboardAvoidingScrollView.m; sourceTree = "<group>"; };
		7880341F1ACBC4580033CE24 /* TPKeyboardAvoidingTableView.h */ = {isa = PBXFileReference; fileEncoding = 4; lastKnownFileType = sourcecode.c.h; path = TPKeyboardAvoidingTableView.h; sourceTree = "<group>"; };
		788034201ACBC4580033CE24 /* TPKeyboardAvoidingTableView.m */ = {isa = PBXFileReference; fileEncoding = 4; lastKnownFileType = sourcecode.c.objc; path = TPKeyboardAvoidingTableView.m; sourceTree = "<group>"; };
		788034211ACBC4580033CE24 /* UIScrollView+TPKeyboardAvoidingAdditions.h */ = {isa = PBXFileReference; fileEncoding = 4; lastKnownFileType = sourcecode.c.h; path = "UIScrollView+TPKeyboardAvoidingAdditions.h"; sourceTree = "<group>"; };
		788034221ACBC4580033CE24 /* UIScrollView+TPKeyboardAvoidingAdditions.m */ = {isa = PBXFileReference; fileEncoding = 4; lastKnownFileType = sourcecode.c.objc; path = "UIScrollView+TPKeyboardAvoidingAdditions.m"; sourceTree = "<group>"; };
		788034281ACBC4FC0033CE24 /* backButton_h.png */ = {isa = PBXFileReference; lastKnownFileType = image.png; path = backButton_h.png; sourceTree = "<group>"; };
		788034291ACBC4FC0033CE24 /* backButton_n.png */ = {isa = PBXFileReference; lastKnownFileType = image.png; path = backButton_n.png; sourceTree = "<group>"; };
		7880342A1ACBC4FC0033CE24 /* edt_alarm_selected.png */ = {isa = PBXFileReference; lastKnownFileType = image.png; path = edt_alarm_selected.png; sourceTree = "<group>"; };
		7880342B1ACBC4FC0033CE24 /* LYAlbumItem.h */ = {isa = PBXFileReference; fileEncoding = 4; lastKnownFileType = sourcecode.c.h; path = LYAlbumItem.h; sourceTree = "<group>"; };
		7880342C1ACBC4FC0033CE24 /* LYAlbumItem.m */ = {isa = PBXFileReference; fileEncoding = 4; lastKnownFileType = sourcecode.c.objc; path = LYAlbumItem.m; sourceTree = "<group>"; };
		7880342D1ACBC4FC0033CE24 /* LYImagePickerViewController.h */ = {isa = PBXFileReference; fileEncoding = 4; lastKnownFileType = sourcecode.c.h; path = LYImagePickerViewController.h; sourceTree = "<group>"; };
		7880342E1ACBC4FC0033CE24 /* LYImagePickerViewController.m */ = {isa = PBXFileReference; fileEncoding = 4; lastKnownFileType = sourcecode.c.objc; path = LYImagePickerViewController.m; sourceTree = "<group>"; };
		7880342F1ACBC4FC0033CE24 /* LYPhotoCell.h */ = {isa = PBXFileReference; fileEncoding = 4; lastKnownFileType = sourcecode.c.h; path = LYPhotoCell.h; sourceTree = "<group>"; };
		788034301ACBC4FC0033CE24 /* LYPhotoCell.m */ = {isa = PBXFileReference; fileEncoding = 4; lastKnownFileType = sourcecode.c.objc; path = LYPhotoCell.m; sourceTree = "<group>"; };
		788034311ACBC4FC0033CE24 /* LYPhotoItem.h */ = {isa = PBXFileReference; fileEncoding = 4; lastKnownFileType = sourcecode.c.h; path = LYPhotoItem.h; sourceTree = "<group>"; };
		788034321ACBC4FC0033CE24 /* LYPhotoItem.m */ = {isa = PBXFileReference; fileEncoding = 4; lastKnownFileType = sourcecode.c.objc; path = LYPhotoItem.m; sourceTree = "<group>"; };
		788034331ACBC4FC0033CE24 /* LYPhotosViewController.h */ = {isa = PBXFileReference; fileEncoding = 4; lastKnownFileType = sourcecode.c.h; path = LYPhotosViewController.h; sourceTree = "<group>"; };
		788034341ACBC4FC0033CE24 /* LYPhotosViewController.m */ = {isa = PBXFileReference; fileEncoding = 4; lastKnownFileType = sourcecode.c.objc; path = LYPhotosViewController.m; sourceTree = "<group>"; };
		788034401ACBC6010033CE24 /* CSGrowingTextView.h */ = {isa = PBXFileReference; fileEncoding = 4; lastKnownFileType = sourcecode.c.h; path = CSGrowingTextView.h; sourceTree = "<group>"; };
		788034411ACBC6010033CE24 /* CSGrowingTextView.m */ = {isa = PBXFileReference; fileEncoding = 4; lastKnownFileType = sourcecode.c.objc; path = CSGrowingTextView.m; sourceTree = "<group>"; };
		788034451ACBC6C30033CE24 /* TQRichTextBaseRun.h */ = {isa = PBXFileReference; fileEncoding = 4; lastKnownFileType = sourcecode.c.h; path = TQRichTextBaseRun.h; sourceTree = "<group>"; };
		788034461ACBC6C30033CE24 /* TQRichTextBaseRun.m */ = {isa = PBXFileReference; fileEncoding = 4; lastKnownFileType = sourcecode.c.objc; path = TQRichTextBaseRun.m; sourceTree = "<group>"; };
		788034471ACBC6C30033CE24 /* TQRichTextEmojiRun.h */ = {isa = PBXFileReference; fileEncoding = 4; lastKnownFileType = sourcecode.c.h; path = TQRichTextEmojiRun.h; sourceTree = "<group>"; };
		788034481ACBC6C30033CE24 /* TQRichTextEmojiRun.m */ = {isa = PBXFileReference; fileEncoding = 4; lastKnownFileType = sourcecode.c.objc; path = TQRichTextEmojiRun.m; sourceTree = "<group>"; };
		788034491ACBC6C30033CE24 /* TQRichTextImageRun.h */ = {isa = PBXFileReference; fileEncoding = 4; lastKnownFileType = sourcecode.c.h; path = TQRichTextImageRun.h; sourceTree = "<group>"; };
		7880344A1ACBC6C30033CE24 /* TQRichTextImageRun.m */ = {isa = PBXFileReference; fileEncoding = 4; lastKnownFileType = sourcecode.c.objc; path = TQRichTextImageRun.m; sourceTree = "<group>"; };
		7880344B1ACBC6C30033CE24 /* TQRichTextURLRun.h */ = {isa = PBXFileReference; fileEncoding = 4; lastKnownFileType = sourcecode.c.h; path = TQRichTextURLRun.h; sourceTree = "<group>"; };
		7880344C1ACBC6C30033CE24 /* TQRichTextURLRun.m */ = {isa = PBXFileReference; fileEncoding = 4; lastKnownFileType = sourcecode.c.objc; path = TQRichTextURLRun.m; sourceTree = "<group>"; };
		7880344D1ACBC6C30033CE24 /* TQRichTextView.h */ = {isa = PBXFileReference; fileEncoding = 4; lastKnownFileType = sourcecode.c.h; path = TQRichTextView.h; sourceTree = "<group>"; };
		7880344E1ACBC6C30033CE24 /* TQRichTextView.m */ = {isa = PBXFileReference; fileEncoding = 4; lastKnownFileType = sourcecode.c.objc; path = TQRichTextView.m; sourceTree = "<group>"; };
		788034551ACBC7570033CE24 /* EasyWork.h */ = {isa = PBXFileReference; fileEncoding = 4; lastKnownFileType = sourcecode.c.h; path = EasyWork.h; sourceTree = "<group>"; };
		7880345B1ACBC8550033CE24 /* NSJSONSerialization+Extension.h */ = {isa = PBXFileReference; fileEncoding = 4; lastKnownFileType = sourcecode.c.h; path = "NSJSONSerialization+Extension.h"; sourceTree = "<group>"; };
		7880345C1ACBC8550033CE24 /* NSJSONSerialization+Extension.m */ = {isa = PBXFileReference; fileEncoding = 4; lastKnownFileType = sourcecode.c.objc; path = "NSJSONSerialization+Extension.m"; sourceTree = "<group>"; };
		7880345E1ACBCD920033CE24 /* NSString+Extension.h */ = {isa = PBXFileReference; fileEncoding = 4; lastKnownFileType = sourcecode.c.h; path = "NSString+Extension.h"; sourceTree = "<group>"; };
		7880345F1ACBCD920033CE24 /* NSString+Extension.m */ = {isa = PBXFileReference; fileEncoding = 4; lastKnownFileType = sourcecode.c.objc; path = "NSString+Extension.m"; sourceTree = "<group>"; };
		788034611ACBCE870033CE24 /* Emotion.plist */ = {isa = PBXFileReference; fileEncoding = 4; lastKnownFileType = text.plist.xml; path = Emotion.plist; sourceTree = "<group>"; };
		788618B71ADCB54F00092B5B /* BaseNavigationController.h */ = {isa = PBXFileReference; fileEncoding = 4; lastKnownFileType = sourcecode.c.h; name = BaseNavigationController.h; path = ../BaseNavigationController.h; sourceTree = "<group>"; };
		788618B81ADCB54F00092B5B /* BaseNavigationController.m */ = {isa = PBXFileReference; fileEncoding = 4; lastKnownFileType = sourcecode.c.objc; name = BaseNavigationController.m; path = ../BaseNavigationController.m; sourceTree = "<group>"; };
		A6FB1DED2CF4A18419125958 /* Pods.debug.xcconfig */ = {isa = PBXFileReference; includeInIndex = 1; lastKnownFileType = text.xcconfig; name = Pods.debug.xcconfig; path = "Pods/Target Support Files/Pods/Pods.debug.xcconfig"; sourceTree = "<group>"; };
		AF5847EBAD8CEA579F9F8073 /* libPods.a */ = {isa = PBXFileReference; explicitFileType = archive.ar; includeInIndex = 0; path = libPods.a; sourceTree = BUILT_PRODUCTS_DIR; };
		E0E97DDDCD0DA93D5757F59D /* Pods.release.xcconfig */ = {isa = PBXFileReference; includeInIndex = 1; lastKnownFileType = text.xcconfig; name = Pods.release.xcconfig; path = "Pods/Target Support Files/Pods/Pods.release.xcconfig"; sourceTree = "<group>"; };
/* End PBXFileReference section */

/* Begin PBXFrameworksBuildPhase section */
		786680741ACA4CAC0082348B /* Frameworks */ = {
			isa = PBXFrameworksBuildPhase;
			buildActionMask = 2147483647;
			files = (
				946809CA99D2343A7B2FA08D /* libPods.a in Frameworks */,
			);
			runOnlyForDeploymentPostprocessing = 0;
		};
/* End PBXFrameworksBuildPhase section */

/* Begin PBXGroup section */
		3C552EB35A4D62C47B6B06D7 /* Pods */ = {
			isa = PBXGroup;
			children = (
				A6FB1DED2CF4A18419125958 /* Pods.debug.xcconfig */,
				E0E97DDDCD0DA93D5757F59D /* Pods.release.xcconfig */,
			);
			name = Pods;
			sourceTree = "<group>";
		};
		7835348F1ADD1195001E82AC /* UIs */ = {
			isa = PBXGroup;
			children = (
				783534AA1ADD1E29001E82AC /* Fouth */,
				783534A91ADD1E1E001E82AC /* Third */,
				783534A81ADD1E18001E82AC /* Second */,
				783534A71ADD1E10001E82AC /* First */,
			);
			name = UIs;
			path = Vendor/UIs;
			sourceTree = "<group>";
		};
		783534A71ADD1E10001E82AC /* First */ = {
			isa = PBXGroup;
			children = (
				783534901ADD1195001E82AC /* FirstViewController.h */,
				783534911ADD1195001E82AC /* FirstViewController.m */,
				7835349C1ADD1215001E82AC /* ViewController.h */,
				7835349D1ADD1215001E82AC /* ViewController.m */,
				783534A11ADD127C001E82AC /* WDTableViewController.h */,
				783534A21ADD127C001E82AC /* WDTableViewController.m */,
				783534A41ADD12D8001E82AC /* WDTableViewCell.h */,
				783534A51ADD12D8001E82AC /* WDTableViewCell.m */,
			);
			name = First;
			sourceTree = "<group>";
		};
		783534A81ADD1E18001E82AC /* Second */ = {
			isa = PBXGroup;
			children = (
				783534941ADD1195001E82AC /* SecondViewController.h */,
				783534951ADD1195001E82AC /* SecondViewController.m */,
				783534AB1ADD1E6A001E82AC /* ReCyleViewController.h */,
				783534AC1ADD1E6A001E82AC /* ReCyleViewController.m */,
				786F9E091AEF8D6F0043252A /* cycleImage.png */,
			);
			name = Second;
			sourceTree = "<group>";
		};
		783534A91ADD1E1E001E82AC /* Third */ = {
			isa = PBXGroup;
			children = (
				783534961ADD1195001E82AC /* ThirdViewController.h */,
				783534971ADD1195001E82AC /* ThirdViewController.m */,
				786B8A521ADDFB6F0025211B /* TestOneVC.h */,
				786B8A531ADDFB6F0025211B /* TestOneVC.m */,
				786B8A551ADDFB800025211B /* TestTwoVC.h */,
				786B8A561ADDFB800025211B /* TestTwoVC.m */,
			);
			name = Third;
			sourceTree = "<group>";
		};
		783534AA1ADD1E29001E82AC /* Fouth */ = {
			isa = PBXGroup;
			children = (
				783534921ADD1195001E82AC /* FouthViewController.h */,
				783534931ADD1195001E82AC /* FouthViewController.m */,
			);
			name = Fouth;
			sourceTree = "<group>";
		};
		7866806E1ACA4CAC0082348B = {
			isa = PBXGroup;
			children = (
				786680791ACA4CAC0082348B /* BaseFramework */,
				786680A81ACA53610082348B /* Images */,
				786680931ACA4CAC0082348B /* BaseFrameworkTests */,
				786680A41ACA522D0082348B /* Frameworks */,
				786680781ACA4CAC0082348B /* Products */,
				3C552EB35A4D62C47B6B06D7 /* Pods */,
				786680B71ACAA3B90082348B /* BaseFrameworkTests copy-Info.plist */,
			);
			sourceTree = "<group>";
		};
		786680781ACA4CAC0082348B /* Products */ = {
			isa = PBXGroup;
			children = (
				786680771ACA4CAC0082348B /* BaseFramework.app */,
			);
			name = Products;
			sourceTree = "<group>";
		};
		786680791ACA4CAC0082348B /* BaseFramework */ = {
			isa = PBXGroup;
			children = (
				786680A71ACA53610082348B /* Common */,
				786680A91ACA53610082348B /* Model */,
				786680AB1ACA53610082348B /* Vendor */,
				7835348F1ADD1195001E82AC /* UIs */,
				7866807E1ACA4CAC0082348B /* AppDelegate.h */,
				7866807F1ACA4CAC0082348B /* AppDelegate.m */,
				786680871ACA4CAC0082348B /* Images.xcassets */,
				7866807A1ACA4CAC0082348B /* Supporting Files */,
			);
			path = BaseFramework;
			sourceTree = "<group>";
		};
		7866807A1ACA4CAC0082348B /* Supporting Files */ = {
			isa = PBXGroup;
			children = (
				7866807B1ACA4CAC0082348B /* Info.plist */,
				7866807C1ACA4CAC0082348B /* main.m */,
				786680A31ACA4FB20082348B /* BaseFramework.pch */,
			);
			name = "Supporting Files";
			sourceTree = "<group>";
		};
		786680931ACA4CAC0082348B /* BaseFrameworkTests */ = {
			isa = PBXGroup;
			children = (
				786680961ACA4CAC0082348B /* BaseFrameworkTests.m */,
				786680941ACA4CAC0082348B /* Supporting Files */,
			);
			path = BaseFrameworkTests;
			sourceTree = "<group>";
		};
		786680941ACA4CAC0082348B /* Supporting Files */ = {
			isa = PBXGroup;
			children = (
				786680951ACA4CAC0082348B /* Info.plist */,
			);
			name = "Supporting Files";
			sourceTree = "<group>";
		};
		786680A41ACA522D0082348B /* Frameworks */ = {
			isa = PBXGroup;
			children = (
				786680A51ACA52510082348B /* AVFoundation.framework */,
				AF5847EBAD8CEA579F9F8073 /* libPods.a */,
			);
			name = Frameworks;
			path = BaseFrameworkTests;
			sourceTree = "<group>";
		};
		786680A71ACA53610082348B /* Common */ = {
			isa = PBXGroup;
			children = (
				788618B71ADCB54F00092B5B /* BaseNavigationController.h */,
				788618B81ADCB54F00092B5B /* BaseNavigationController.m */,
			);
			path = Common;
			sourceTree = "<group>";
		};
		786680A81ACA53610082348B /* Images */ = {
			isa = PBXGroup;
			children = (
				788034611ACBCE870033CE24 /* Emotion.plist */,
			);
			name = Images;
			path = BaseFramework/Images;
			sourceTree = "<group>";
		};
		786680A91ACA53610082348B /* Model */ = {
			isa = PBXGroup;
			children = (
			);
			path = Model;
			sourceTree = "<group>";
		};
		786680AB1ACA53610082348B /* Vendor */ = {
			isa = PBXGroup;
			children = (
				788034541ACBC7380033CE24 /* Easywork */,
				788034441ACBC6C30033CE24 /* TQRichTextView */,
				7880343D1ACBC6010033CE24 /* CSGrowingTextView */,
				788034271ACBC4FC0033CE24 /* Album */,
				7880341A1ACBC4580033CE24 /* KeyBoard */,
				788034031ACBC2FF0033CE24 /* MJExtension */,
			);
			path = Vendor;
			sourceTree = "<group>";
		};
		788034031ACBC2FF0033CE24 /* MJExtension */ = {
			isa = PBXGroup;
			children = (
				788034041ACBC2FF0033CE24 /* MJConst.h */,
				788034051ACBC2FF0033CE24 /* MJConst.m */,
				788034061ACBC2FF0033CE24 /* MJExtension.h */,
				788034071ACBC2FF0033CE24 /* MJFoundation.h */,
				788034081ACBC2FF0033CE24 /* MJFoundation.m */,
				788034091ACBC2FF0033CE24 /* MJIvar.h */,
				7880340A1ACBC2FF0033CE24 /* MJIvar.m */,
				7880340B1ACBC2FF0033CE24 /* MJType.h */,
				7880340C1ACBC2FF0033CE24 /* MJType.m */,
				7880340D1ACBC2FF0033CE24 /* NSObject+MJCoding.h */,
				7880340E1ACBC2FF0033CE24 /* NSObject+MJCoding.m */,
				7880340F1ACBC2FF0033CE24 /* NSObject+MJIvar.h */,
				788034101ACBC2FF0033CE24 /* NSObject+MJIvar.m */,
				788034111ACBC2FF0033CE24 /* NSObject+MJKeyValue.h */,
				788034121ACBC2FF0033CE24 /* NSObject+MJKeyValue.m */,
			);
			path = MJExtension;
			sourceTree = "<group>";
		};
		7880341A1ACBC4580033CE24 /* KeyBoard */ = {
			isa = PBXGroup;
			children = (
				7880341B1ACBC4580033CE24 /* TPKeyboardAvoidingCollectionView.h */,
				7880341C1ACBC4580033CE24 /* TPKeyboardAvoidingCollectionView.m */,
				7880341D1ACBC4580033CE24 /* TPKeyboardAvoidingScrollView.h */,
				7880341E1ACBC4580033CE24 /* TPKeyboardAvoidingScrollView.m */,
				7880341F1ACBC4580033CE24 /* TPKeyboardAvoidingTableView.h */,
				788034201ACBC4580033CE24 /* TPKeyboardAvoidingTableView.m */,
				788034211ACBC4580033CE24 /* UIScrollView+TPKeyboardAvoidingAdditions.h */,
				788034221ACBC4580033CE24 /* UIScrollView+TPKeyboardAvoidingAdditions.m */,
			);
			path = KeyBoard;
			sourceTree = "<group>";
		};
		788034271ACBC4FC0033CE24 /* Album */ = {
			isa = PBXGroup;
			children = (
				788034281ACBC4FC0033CE24 /* backButton_h.png */,
				788034291ACBC4FC0033CE24 /* backButton_n.png */,
				7880342A1ACBC4FC0033CE24 /* edt_alarm_selected.png */,
				7880342B1ACBC4FC0033CE24 /* LYAlbumItem.h */,
				7880342C1ACBC4FC0033CE24 /* LYAlbumItem.m */,
				7880342D1ACBC4FC0033CE24 /* LYImagePickerViewController.h */,
				7880342E1ACBC4FC0033CE24 /* LYImagePickerViewController.m */,
				7880342F1ACBC4FC0033CE24 /* LYPhotoCell.h */,
				788034301ACBC4FC0033CE24 /* LYPhotoCell.m */,
				788034311ACBC4FC0033CE24 /* LYPhotoItem.h */,
				788034321ACBC4FC0033CE24 /* LYPhotoItem.m */,
				788034331ACBC4FC0033CE24 /* LYPhotosViewController.h */,
				788034341ACBC4FC0033CE24 /* LYPhotosViewController.m */,
			);
			path = Album;
			sourceTree = "<group>";
		};
		7880343D1ACBC6010033CE24 /* CSGrowingTextView */ = {
			isa = PBXGroup;
			children = (
				788034401ACBC6010033CE24 /* CSGrowingTextView.h */,
				788034411ACBC6010033CE24 /* CSGrowingTextView.m */,
			);
			path = CSGrowingTextView;
			sourceTree = "<group>";
		};
		788034441ACBC6C30033CE24 /* TQRichTextView */ = {
			isa = PBXGroup;
			children = (
				788034451ACBC6C30033CE24 /* TQRichTextBaseRun.h */,
				788034461ACBC6C30033CE24 /* TQRichTextBaseRun.m */,
				788034471ACBC6C30033CE24 /* TQRichTextEmojiRun.h */,
				788034481ACBC6C30033CE24 /* TQRichTextEmojiRun.m */,
				788034491ACBC6C30033CE24 /* TQRichTextImageRun.h */,
				7880344A1ACBC6C30033CE24 /* TQRichTextImageRun.m */,
				7880344B1ACBC6C30033CE24 /* TQRichTextURLRun.h */,
				7880344C1ACBC6C30033CE24 /* TQRichTextURLRun.m */,
				7880344D1ACBC6C30033CE24 /* TQRichTextView.h */,
				7880344E1ACBC6C30033CE24 /* TQRichTextView.m */,
			);
			path = TQRichTextView;
			sourceTree = "<group>";
		};
		788034541ACBC7380033CE24 /* Easywork */ = {
			isa = PBXGroup;
			children = (
				788034551ACBC7570033CE24 /* EasyWork.h */,
				788034581ACBC7B50033CE24 /* Category */,
				788034591ACBC7B50033CE24 /* UI */,
				7880345A1ACBC7B50033CE24 /* Utils */,
			);
			path = Easywork;
			sourceTree = "<group>";
		};
		788034581ACBC7B50033CE24 /* Category */ = {
			isa = PBXGroup;
			children = (
				7880345B1ACBC8550033CE24 /* NSJSONSerialization+Extension.h */,
				7880345C1ACBC8550033CE24 /* NSJSONSerialization+Extension.m */,
				7880345E1ACBCD920033CE24 /* NSString+Extension.h */,
				7880345F1ACBCD920033CE24 /* NSString+Extension.m */,
				783B3ED71ACBDDF5006BA9A8 /* UIFont+Extension.h */,
				783B3ED81ACBDDF5006BA9A8 /* UIFont+Extension.m */,
				783B3EDA1ACBE1EE006BA9A8 /* UIView+Helper.h */,
				783B3EDB1ACBE1EE006BA9A8 /* UIView+Helper.m */,
				786A7B131ACCDB1100FDCFA7 /* UIButton+Extension.h */,
				786A7B141ACCDB1100FDCFA7 /* UIButton+Extension.m */,
				786A7B191ACCDF0C00FDCFA7 /* UITabBarController+Rotate.h */,
				786A7B1A1ACCDF0C00FDCFA7 /* UITabBarController+Rotate.m */,
				786A7B1C1ACCDF9B00FDCFA7 /* UINavigationController+Rotate.h */,
				786A7B1D1ACCDF9B00FDCFA7 /* UINavigationController+Rotate.m */,
				786B8A581ADDFC9A0025211B /* UIViewController+Rotate.h */,
				786B8A591ADDFC9A0025211B /* UIViewController+Rotate.m */,
			);
			path = Category;
			sourceTree = "<group>";
		};
		788034591ACBC7B50033CE24 /* UI */ = {
			isa = PBXGroup;
			children = (
				786A7B221ACCE7AD00FDCFA7 /* EWShareSheet.h */,
				786A7B231ACCE7AD00FDCFA7 /* EWShareSheet.m */,
				786A7B1F1ACCE24F00FDCFA7 /* VerticallyAlignedLabel.h */,
				786A7B201ACCE24F00FDCFA7 /* VerticallyAlignedLabel.m */,
				787588921ACE2E3C0083D6F0 /* EWTextField.h */,
				787588931ACE2E3C0083D6F0 /* EWTextField.m */,
				786F9E0B1AEF94A40043252A /* EWFocusView.h */,
				786F9E0C1AEF94A40043252A /* EWFocusView.m */,
			);
			path = UI;
			sourceTree = "<group>";
		};
		7880345A1ACBC7B50033CE24 /* Utils */ = {
			isa = PBXGroup;
			children = (
				787588A21ACE644E0083D6F0 /* EWCommon.h */,
			);
			path = Utils;
			sourceTree = "<group>";
		};
/* End PBXGroup section */

/* Begin PBXNativeTarget section */
		786680761ACA4CAC0082348B /* BaseFramework */ = {
			isa = PBXNativeTarget;
			buildConfigurationList = 7866809A1ACA4CAC0082348B /* Build configuration list for PBXNativeTarget "BaseFramework" */;
			buildPhases = (
				C9D375BDECBC64B77B6FDAAC /* Check Pods Manifest.lock */,
				786680731ACA4CAC0082348B /* Sources */,
				786680741ACA4CAC0082348B /* Frameworks */,
				786680751ACA4CAC0082348B /* Resources */,
				11DD8CCCB5A3F308392F4F75 /* Copy Pods Resources */,
			);
			buildRules = (
			);
			dependencies = (
			);
			name = BaseFramework;
			productName = BaseFramework;
			productReference = 786680771ACA4CAC0082348B /* BaseFramework.app */;
			productType = "com.apple.product-type.application";
		};
/* End PBXNativeTarget section */

/* Begin PBXProject section */
		7866806F1ACA4CAC0082348B /* Project object */ = {
			isa = PBXProject;
			attributes = {
				LastUpgradeCheck = 0610;
				ORGANIZATIONNAME = etiantian;
				TargetAttributes = {
					786680761ACA4CAC0082348B = {
						CreatedOnToolsVersion = 6.1.1;
					};
				};
			};
			buildConfigurationList = 786680721ACA4CAC0082348B /* Build configuration list for PBXProject "BaseFramework" */;
			compatibilityVersion = "Xcode 3.2";
			developmentRegion = English;
			hasScannedForEncodings = 0;
			knownRegions = (
				en,
				Base,
			);
			mainGroup = 7866806E1ACA4CAC0082348B;
			productRefGroup = 786680781ACA4CAC0082348B /* Products */;
			projectDirPath = "";
			projectRoot = "";
			targets = (
				786680761ACA4CAC0082348B /* BaseFramework */,
			);
		};
/* End PBXProject section */

/* Begin PBXResourcesBuildPhase section */
		786680751ACA4CAC0082348B /* Resources */ = {
			isa = PBXResourcesBuildPhase;
			buildActionMask = 2147483647;
			files = (
				786680881ACA4CAC0082348B /* Images.xcassets in Resources */,
				788034621ACBCE870033CE24 /* Emotion.plist in Resources */,
				788034361ACBC4FC0033CE24 /* backButton_n.png in Resources */,
				788034371ACBC4FC0033CE24 /* edt_alarm_selected.png in Resources */,
				786F9E0A1AEF8D6F0043252A /* cycleImage.png in Resources */,
				788034351ACBC4FC0033CE24 /* backButton_h.png in Resources */,
			);
			runOnlyForDeploymentPostprocessing = 0;
		};
/* End PBXResourcesBuildPhase section */

/* Begin PBXShellScriptBuildPhase section */
		11DD8CCCB5A3F308392F4F75 /* Copy Pods Resources */ = {
			isa = PBXShellScriptBuildPhase;
			buildActionMask = 2147483647;
			files = (
			);
			inputPaths = (
			);
			name = "Copy Pods Resources";
			outputPaths = (
			);
			runOnlyForDeploymentPostprocessing = 0;
			shellPath = /bin/sh;
			shellScript = "\"${SRCROOT}/Pods/Target Support Files/Pods/Pods-resources.sh\"\n";
			showEnvVarsInLog = 0;
		};
		C9D375BDECBC64B77B6FDAAC /* Check Pods Manifest.lock */ = {
			isa = PBXShellScriptBuildPhase;
			buildActionMask = 2147483647;
			files = (
			);
			inputPaths = (
			);
			name = "Check Pods Manifest.lock";
			outputPaths = (
			);
			runOnlyForDeploymentPostprocessing = 0;
			shellPath = /bin/sh;
			shellScript = "diff \"${PODS_ROOT}/../Podfile.lock\" \"${PODS_ROOT}/Manifest.lock\" > /dev/null\nif [[ $? != 0 ]] ; then\n    cat << EOM\nerror: The sandbox is not in sync with the Podfile.lock. Run 'pod install' or update your CocoaPods installation.\nEOM\n    exit 1\nfi\n";
			showEnvVarsInLog = 0;
		};
/* End PBXShellScriptBuildPhase section */

/* Begin PBXSourcesBuildPhase section */
		786680731ACA4CAC0082348B /* Sources */ = {
			isa = PBXSourcesBuildPhase;
			buildActionMask = 2147483647;
			files = (
				7835349F1ADD1215001E82AC /* ViewController.m in Sources */,
				788034431ACBC6010033CE24 /* CSGrowingTextView.m in Sources */,
				786B8A541ADDFB6F0025211B /* TestOneVC.m in Sources */,
				786A7B241ACCE7AD00FDCFA7 /* EWShareSheet.m in Sources */,
				788034151ACBC2FF0033CE24 /* MJIvar.m in Sources */,
				788618B91ADCB54F00092B5B /* BaseNavigationController.m in Sources */,
				7880344F1ACBC6C30033CE24 /* TQRichTextBaseRun.m in Sources */,
				786680801ACA4CAC0082348B /* AppDelegate.m in Sources */,
				788034261ACBC4580033CE24 /* UIScrollView+TPKeyboardAvoidingAdditions.m in Sources */,
				786A7B1E1ACCDF9B00FDCFA7 /* UINavigationController+Rotate.m in Sources */,
				7880343B1ACBC4FC0033CE24 /* LYPhotoItem.m in Sources */,
				788034131ACBC2FF0033CE24 /* MJConst.m in Sources */,
				788034521ACBC6C30033CE24 /* TQRichTextURLRun.m in Sources */,
				788034231ACBC4580033CE24 /* TPKeyboardAvoidingCollectionView.m in Sources */,
				786B8A5A1ADDFC9A0025211B /* UIViewController+Rotate.m in Sources */,
				788034251ACBC4580033CE24 /* TPKeyboardAvoidingTableView.m in Sources */,
				786A7B211ACCE24F00FDCFA7 /* VerticallyAlignedLabel.m in Sources */,
				788034501ACBC6C30033CE24 /* TQRichTextEmojiRun.m in Sources */,
				783534A31ADD127C001E82AC /* WDTableViewController.m in Sources */,
				783534991ADD1195001E82AC /* FouthViewController.m in Sources */,
				788034171ACBC2FF0033CE24 /* NSObject+MJCoding.m in Sources */,
				788034161ACBC2FF0033CE24 /* MJType.m in Sources */,
				788034381ACBC4FC0033CE24 /* LYAlbumItem.m in Sources */,
				788034511ACBC6C30033CE24 /* TQRichTextImageRun.m in Sources */,
				788034141ACBC2FF0033CE24 /* MJFoundation.m in Sources */,
				783B3EDC1ACBE1EE006BA9A8 /* UIView+Helper.m in Sources */,
				7866807D1ACA4CAC0082348B /* main.m in Sources */,
				788034241ACBC4580033CE24 /* TPKeyboardAvoidingScrollView.m in Sources */,
				786A7B1B1ACCDF0C00FDCFA7 /* UITabBarController+Rotate.m in Sources */,
				7880345D1ACBC8550033CE24 /* NSJSONSerialization+Extension.m in Sources */,
				7835349B1ADD1195001E82AC /* ThirdViewController.m in Sources */,
				783534A61ADD12D8001E82AC /* WDTableViewCell.m in Sources */,
				787588941ACE2E3C0083D6F0 /* EWTextField.m in Sources */,
				7835349A1ADD1195001E82AC /* SecondViewController.m in Sources */,
				7880343A1ACBC4FC0033CE24 /* LYPhotoCell.m in Sources */,
				788034391ACBC4FC0033CE24 /* LYImagePickerViewController.m in Sources */,
				786F9E0D1AEF94A40043252A /* EWFocusView.m in Sources */,
				788034531ACBC6C30033CE24 /* TQRichTextView.m in Sources */,
				783534981ADD1195001E82AC /* FirstViewController.m in Sources */,
				783534AD1ADD1E6A001E82AC /* ReCyleViewController.m in Sources */,
				788034191ACBC2FF0033CE24 /* NSObject+MJKeyValue.m in Sources */,
				786A7B151ACCDB1100FDCFA7 /* UIButton+Extension.m in Sources */,
				788034181ACBC2FF0033CE24 /* NSObject+MJIvar.m in Sources */,
				786B8A571ADDFB800025211B /* TestTwoVC.m in Sources */,
				7880343C1ACBC4FC0033CE24 /* LYPhotosViewController.m in Sources */,
				783B3ED91ACBDDF5006BA9A8 /* UIFont+Extension.m in Sources */,
				788034601ACBCD920033CE24 /* NSString+Extension.m in Sources */,
			);
			runOnlyForDeploymentPostprocessing = 0;
		};
/* End PBXSourcesBuildPhase section */

/* Begin XCBuildConfiguration section */
		786680981ACA4CAC0082348B /* Debug */ = {
			isa = XCBuildConfiguration;
			buildSettings = {
				ALWAYS_SEARCH_USER_PATHS = NO;
				CLANG_CXX_LANGUAGE_STANDARD = "gnu++0x";
				CLANG_CXX_LIBRARY = "libc++";
				CLANG_ENABLE_MODULES = YES;
				CLANG_ENABLE_OBJC_ARC = YES;
				CLANG_WARN_BOOL_CONVERSION = YES;
				CLANG_WARN_CONSTANT_CONVERSION = YES;
				CLANG_WARN_DIRECT_OBJC_ISA_USAGE = YES_ERROR;
				CLANG_WARN_EMPTY_BODY = YES;
				CLANG_WARN_ENUM_CONVERSION = YES;
				CLANG_WARN_INT_CONVERSION = YES;
				CLANG_WARN_OBJC_ROOT_CLASS = YES_ERROR;
				CLANG_WARN_UNREACHABLE_CODE = YES;
				CLANG_WARN__DUPLICATE_METHOD_MATCH = YES;
				"CODE_SIGN_IDENTITY[sdk=iphoneos*]" = "iPhone Developer";
				COPY_PHASE_STRIP = NO;
				ENABLE_STRICT_OBJC_MSGSEND = YES;
				GCC_C_LANGUAGE_STANDARD = gnu99;
				GCC_DYNAMIC_NO_PIC = NO;
				GCC_OPTIMIZATION_LEVEL = 0;
				GCC_PREPROCESSOR_DEFINITIONS = (
					"DEBUG=1",
					"$(inherited)",
				);
				GCC_SYMBOLS_PRIVATE_EXTERN = NO;
				GCC_WARN_64_TO_32_BIT_CONVERSION = YES;
				GCC_WARN_ABOUT_RETURN_TYPE = YES_ERROR;
				GCC_WARN_UNDECLARED_SELECTOR = YES;
				GCC_WARN_UNINITIALIZED_AUTOS = YES_AGGRESSIVE;
				GCC_WARN_UNUSED_FUNCTION = YES;
				GCC_WARN_UNUSED_VARIABLE = YES;
				IPHONEOS_DEPLOYMENT_TARGET = 8.1;
				MTL_ENABLE_DEBUG_INFO = YES;
				ONLY_ACTIVE_ARCH = YES;
				SDKROOT = iphoneos;
			};
			name = Debug;
		};
		786680991ACA4CAC0082348B /* Release */ = {
			isa = XCBuildConfiguration;
			buildSettings = {
				ALWAYS_SEARCH_USER_PATHS = NO;
				CLANG_CXX_LANGUAGE_STANDARD = "gnu++0x";
				CLANG_CXX_LIBRARY = "libc++";
				CLANG_ENABLE_MODULES = YES;
				CLANG_ENABLE_OBJC_ARC = YES;
				CLANG_WARN_BOOL_CONVERSION = YES;
				CLANG_WARN_CONSTANT_CONVERSION = YES;
				CLANG_WARN_DIRECT_OBJC_ISA_USAGE = YES_ERROR;
				CLANG_WARN_EMPTY_BODY = YES;
				CLANG_WARN_ENUM_CONVERSION = YES;
				CLANG_WARN_INT_CONVERSION = YES;
				CLANG_WARN_OBJC_ROOT_CLASS = YES_ERROR;
				CLANG_WARN_UNREACHABLE_CODE = YES;
				CLANG_WARN__DUPLICATE_METHOD_MATCH = YES;
				"CODE_SIGN_IDENTITY[sdk=iphoneos*]" = "iPhone Developer";
				COPY_PHASE_STRIP = YES;
				ENABLE_NS_ASSERTIONS = NO;
				ENABLE_STRICT_OBJC_MSGSEND = YES;
				GCC_C_LANGUAGE_STANDARD = gnu99;
				GCC_WARN_64_TO_32_BIT_CONVERSION = YES;
				GCC_WARN_ABOUT_RETURN_TYPE = YES_ERROR;
				GCC_WARN_UNDECLARED_SELECTOR = YES;
				GCC_WARN_UNINITIALIZED_AUTOS = YES_AGGRESSIVE;
				GCC_WARN_UNUSED_FUNCTION = YES;
				GCC_WARN_UNUSED_VARIABLE = YES;
				IPHONEOS_DEPLOYMENT_TARGET = 8.1;
				MTL_ENABLE_DEBUG_INFO = NO;
				SDKROOT = iphoneos;
				VALIDATE_PRODUCT = YES;
			};
			name = Release;
		};
		7866809B1ACA4CAC0082348B /* Debug */ = {
			isa = XCBuildConfiguration;
			baseConfigurationReference = A6FB1DED2CF4A18419125958 /* Pods.debug.xcconfig */;
			buildSettings = {
				ASSETCATALOG_COMPILER_APPICON_NAME = AppIcon;
				ASSETCATALOG_COMPILER_LAUNCHIMAGE_NAME = LaunchImage;
				CODE_SIGN_IDENTITY = "iPhone Developer: xiangwei huang (29S8DQ7QNX)";
				GCC_PRECOMPILE_PREFIX_HEADER = YES;
				GCC_PREFIX_HEADER = "$(SRCROOT)/BaseFramework/BaseFramework.pch";
				INFOPLIST_FILE = BaseFramework/Info.plist;
				LD_RUNPATH_SEARCH_PATHS = "$(inherited) @executable_path/Frameworks";
				PRODUCT_NAME = "$(TARGET_NAME)";
			};
			name = Debug;
		};
		7866809C1ACA4CAC0082348B /* Release */ = {
			isa = XCBuildConfiguration;
			baseConfigurationReference = E0E97DDDCD0DA93D5757F59D /* Pods.release.xcconfig */;
			buildSettings = {
				ASSETCATALOG_COMPILER_APPICON_NAME = AppIcon;
				ASSETCATALOG_COMPILER_LAUNCHIMAGE_NAME = LaunchImage;
				CODE_SIGN_IDENTITY = "iPhone Developer: xiangwei huang (29S8DQ7QNX)";
				GCC_PRECOMPILE_PREFIX_HEADER = YES;
				GCC_PREFIX_HEADER = "$(SRCROOT)/BaseFramework/BaseFramework.pch";
				INFOPLIST_FILE = BaseFramework/Info.plist;
				LD_RUNPATH_SEARCH_PATHS = "$(inherited) @executable_path/Frameworks";
				PRODUCT_NAME = "$(TARGET_NAME)";
			};
			name = Release;
		};
/* End XCBuildConfiguration section */

/* Begin XCConfigurationList section */
		786680721ACA4CAC0082348B /* Build configuration list for PBXProject "BaseFramework" */ = {
			isa = XCConfigurationList;
			buildConfigurations = (
				786680981ACA4CAC0082348B /* Debug */,
				786680991ACA4CAC0082348B /* Release */,
			);
			defaultConfigurationIsVisible = 0;
			defaultConfigurationName = Release;
		};
		7866809A1ACA4CAC0082348B /* Build configuration list for PBXNativeTarget "BaseFramework" */ = {
			isa = XCConfigurationList;
			buildConfigurations = (
				7866809B1ACA4CAC0082348B /* Debug */,
				7866809C1ACA4CAC0082348B /* Release */,
			);
			defaultConfigurationIsVisible = 0;
			defaultConfigurationName = Release;
		};
/* End XCConfigurationList section */
	};
	rootObject = 7866806F1ACA4CAC0082348B /* Project object */;
}
